
Microsoft Visual Studio Solution File, Format Version 12.00
# Visual Studio Version 16
VisualStudioVersion = 16.0.29201.188
MinimumVisualStudioVersion = 10.0.40219.1
Project("{FAE04EC0-301F-11D3-BF4B-00C04F79EFBC}") = "SignaMessageListener", "SignaMessageListener\SignaMessageListener.csproj", "{2FC5687E-A893-4DBA-8EC6-11B65E953772}"
EndProject
Global
	GlobalSection(SolutionConfigurationPlatforms) = preSolution
		Debug|Any CPU = Debug|Any CPU
		Release|Any CPU = Release|Any CPU
	EndGlobalSection
	GlobalSection(ProjectConfigurationPlatforms) = postSolution
		{2FC5687E-A893-4DBA-8EC6-11B65E953772}.Debug|Any CPU.ActiveCfg = Debug|Any CPU
		{2FC5687E-A893-4DBA-8EC6-11B65E953772}.Debug|Any CPU.Build.0 = Debug|Any CPU
		{2FC5687E-A893-4DBA-8EC6-11B65E953772}.Release|Any CPU.ActiveCfg = Release|Any CPU
		{2FC5687E-A893-4DBA-8EC6-11B65E953772}.Release|Any CPU.Build.0 = Release|Any CPU
	EndGlobalSection
	GlobalSection(SolutionProperties) = preSolution
		HideSolutionNode = FALSE
	EndGlobalSection
	GlobalSection(ExtensibilityGlobals) = postSolution
		SolutionGuid = {EA013FC9-4A66-4C52-A1D8-B09939615EB0}
	EndGlobalSection
EndGlobal
